{
  "name": "fastify-js-app",
  "version": "1.0.0",
  "lockfileVersion": 3,
  "requires": true,
  "packages": {
    "": {
      "name": "fastify-js-app",
      "version": "1.0.0",
      "license": "MIT",
      "dependencies": {
        "@fastify/autoload": "^5.7.1",
        "@fastify/mysql": "^4.1.0",
        "close-with-grace": "^1.2.0",
        "desm": "^1.3.0",
        "dotenv": "^16.0.3",
        "fastify": "^4.15.0",
        "fastify-plugin": "^4.5.0",
        "pino-pretty": "^10.0.0",
        "platformatic": "^0.19.4",
        "sqlstring": "^2.3.3"
      }
    },
    "../../node_modules/.pnpm/@fastify+autoload@5.8.0/node_modules/@fastify/autoload": {
      "version": "5.8.0",
      "license": "MIT",
      "devDependencies": {
        "@fastify/pre-commit": "^2.0.2",
        "@fastify/url-data": "^5.0.0",
        "@swc-node/register": "^1.5.1",
        "@swc/core": "^1.2.129",
        "@swc/register": "^0.1.9",
        "@types/jest": "^29.0.0",
        "@types/node": "^20.1.0",
        "@types/tap": "^15.0.5",
        "esbuild": "^0.19.2",
        "esbuild-register": "^3.4.1",
        "fastify": "^4.0.0-rc.2",
        "fastify-plugin": "^4.0.0",
        "jest": "^28.1.3",
        "snazzy": "^9.0.0",
        "standard": "^17.0.0",
        "tap": "^16.0.0",
        "ts-jest": "^28.0.7",
        "ts-node": "^10.4.0",
        "ts-node-dev": "^2.0.0",
        "tsd": "^0.29.0",
        "tsm": "^2.2.1",
        "tsx": "^3.7.1",
        "typescript": "^5.0.2",
        "vite": "^4.0.0",
        "vitest": "^0.34.1"
      }
    },
    "../../node_modules/.pnpm/@fastify+mysql@4.1.0/node_modules/@fastify/mysql": {
      "version": "4.1.0",
      "license": "MIT",
      "dependencies": {
        "fastify-plugin": "^4.0.0",
        "mysql2": "^2.0.0"
      },
      "devDependencies": {
        "@types/node": "^18.0.0",
        "fastify": "^4.0.0-rc.2",
        "standard": "^17.0.0",
        "tap": "^16.0.0",
        "tsd": "^0.24.1"
      }
    },
    "../../node_modules/.pnpm/close-with-grace@1.2.0/node_modules/close-with-grace": {
      "version": "1.2.0",
      "license": "MIT",
      "devDependencies": {
        "@fastify/pre-commit": "^2.0.2",
        "standard": "^17.0.0",
        "tap-dot": "^2.0.0",
        "tape": "^5.1.1",
        "tsd": "^0.28.0"
      }
    },
    "../../node_modules/.pnpm/desm@1.3.0/node_modules/desm": {
      "version": "1.3.0",
      "license": "MIT",
      "devDependencies": {
        "tape": "^5.5.3"
      }
    },
    "../../node_modules/.pnpm/dotenv@16.3.1/node_modules/dotenv": {
      "version": "16.3.1",
      "license": "BSD-2-Clause",
      "devDependencies": {
        "@definitelytyped/dtslint": "^0.0.133",
        "@types/node": "^18.11.3",
        "decache": "^4.6.1",
        "sinon": "^14.0.1",
        "standard": "^17.0.0",
        "standard-markdown": "^7.1.0",
        "standard-version": "^9.5.0",
        "tap": "^16.3.0",
        "tar": "^6.1.11",
        "typescript": "^4.8.4"
      },
      "engines": {
        "node": ">=12"
      },
      "funding": {
        "url": "https://github.com/motdotla/dotenv?sponsor=1"
      }
    },
    "../../node_modules/.pnpm/fastify-plugin@4.5.1/node_modules/fastify-plugin": {
      "version": "4.5.1",
      "license": "MIT",
      "devDependencies": {
        "@fastify/type-provider-typebox": "^3.0.0",
        "@types/node": "^20.1.0",
        "fastify": "^4.0.1",
        "proxyquire": "^2.1.3",
        "standard": "^17.0.0",
        "tap": "^16.0.1",
        "tsd": "^0.28.0"
      }
    },
    "../../node_modules/.pnpm/fastify@4.24.3/node_modules/fastify": {
      "version": "4.24.3",
      "license": "MIT",
      "dependencies": {
        "@fastify/ajv-compiler": "^3.5.0",
        "@fastify/error": "^3.4.0",
        "@fastify/fast-json-stringify-compiler": "^4.3.0",
        "abstract-logging": "^2.0.1",
        "avvio": "^8.2.1",
        "fast-content-type-parse": "^1.1.0",
        "fast-json-stringify": "^5.8.0",
        "find-my-way": "^7.7.0",
        "light-my-request": "^5.11.0",
        "pino": "^8.16.0",
        "process-warning": "^2.2.0",
        "proxy-addr": "^2.0.7",
        "rfdc": "^1.3.0",
        "secure-json-parse": "^2.7.0",
        "semver": "^7.5.4",
        "toad-cache": "^3.3.0"
      },
      "devDependencies": {
        "@fastify/pre-commit": "^2.0.2",
        "@sinclair/typebox": "^0.31.17",
        "@sinonjs/fake-timers": "^11.1.0",
        "@types/node": "^20.8.4",
        "@typescript-eslint/eslint-plugin": "^6.7.5",
        "@typescript-eslint/parser": "^6.7.5",
        "ajv": "^8.12.0",
        "ajv-errors": "^3.0.0",
        "ajv-formats": "^2.1.1",
        "ajv-i18n": "^4.2.0",
        "ajv-merge-patch": "^5.0.1",
        "branch-comparer": "^1.1.0",
        "c8": "^8.0.1",
        "cross-env": "^7.0.3",
        "eslint": "^8.51.0",
        "eslint-config-standard": "^17.1.0",
        "eslint-import-resolver-node": "^0.3.9",
        "eslint-plugin-import": "^2.28.1",
        "eslint-plugin-n": "^16.2.0",
        "eslint-plugin-promise": "^6.1.1",
        "fast-json-body": "^1.1.0",
        "fastify-plugin": "^4.5.1",
        "fluent-json-schema": "^4.1.2",
        "form-data": "^4.0.0",
        "h2url": "^0.2.0",
        "http-errors": "^2.0.0",
        "joi": "^17.11.0",
        "json-schema-to-ts": "^2.9.2",
        "JSONStream": "^1.3.5",
        "markdownlint-cli2": "^0.10.0",
        "node-forge": "^1.3.1",
        "proxyquire": "^2.1.3",
        "send": "^0.18.0",
        "simple-get": "^4.0.1",
        "snazzy": "^9.0.0",
        "split2": "^4.2.0",
        "standard": "^17.1.0",
        "tap": "^16.3.9",
        "tsd": "^0.29.0",
        "typescript": "^5.2.2",
        "undici": "^5.26.0",
        "vary": "^1.1.2",
        "yup": "^1.3.2"
      }
    },
    "../../node_modules/.pnpm/pino-pretty@10.2.3/node_modules/pino-pretty": {
      "version": "10.2.3",
      "license": "MIT",
      "dependencies": {
        "colorette": "^2.0.7",
        "dateformat": "^4.6.3",
        "fast-copy": "^3.0.0",
        "fast-safe-stringify": "^2.1.1",
        "help-me": "^4.0.1",
        "joycon": "^3.1.1",
        "minimist": "^1.2.6",
        "on-exit-leak-free": "^2.1.0",
        "pino-abstract-transport": "^1.0.0",
        "pump": "^3.0.0",
        "readable-stream": "^4.0.0",
        "secure-json-parse": "^2.4.0",
        "sonic-boom": "^3.0.0",
        "strip-json-comments": "^3.1.1"
      },
      "bin": {
        "pino-pretty": "bin.js"
      },
      "devDependencies": {
        "@types/node": "^20.1.0",
        "fastbench": "^1.0.1",
        "pino": "^8.0.0",
        "pre-commit": "^1.2.2",
        "rimraf": "^3.0.2",
        "snazzy": "^9.0.0",
        "standard": "^17.0.0",
        "tap": "^16.0.0",
        "tsd": "^0.29.0",
        "typescript": "^5.0.2"
      }
    },
    "../../node_modules/.pnpm/platformatic@0.19.7/node_modules/platformatic": {
      "version": "0.19.7",
      "license": "Apache-2.0",
      "dependencies": {
        "@platformatic/authenticate": "0.19.7",
        "@platformatic/client-cli": "0.19.7",
        "@platformatic/db": "0.19.7",
        "@platformatic/metaconfig": "0.19.7",
        "@platformatic/service": "0.19.7",
        "colorette": "^2.0.19",
        "commist": "^3.2.0",
        "create-platformatic": "0.19.7",
        "desm": "^1.3.0",
        "help-me": "^4.2.0",
        "minimist": "^1.2.8",
        "pino": "^8.11.0",
        "pino-pretty": "^10.0.0"
      },
      "bin": {
        "platformatic": "cli.js",
        "plt": "cli.js"
      },
      "devDependencies": {
        "c8": "^7.13.0",
        "execa": "^7.0.0",
        "license-checker": "^25.0.1",
        "mkdirp": "^2.1.3",
        "snazzy": "^9.0.0",
        "split2": "^4.1.0",
        "standard": "^17.0.0",
        "tap": "^16.3.4",
        "undici": "^5.20.0"
      }
    },
    "node_modules/@fastify/autoload": {
      "resolved": "../../node_modules/.pnpm/@fastify+autoload@5.8.0/node_modules/@fastify/autoload",
      "link": true
    },
    "node_modules/@fastify/mysql": {
      "resolved": "../../node_modules/.pnpm/@fastify+mysql@4.1.0/node_modules/@fastify/mysql",
      "link": true
    },
    "node_modules/close-with-grace": {
      "resolved": "../../node_modules/.pnpm/close-with-grace@1.2.0/node_modules/close-with-grace",
      "link": true
    },
    "node_modules/desm": {
      "resolved": "../../node_modules/.pnpm/desm@1.3.0/node_modules/desm",
      "link": true
    },
    "node_modules/dotenv": {
      "resolved": "../../node_modules/.pnpm/dotenv@16.3.1/node_modules/dotenv",
      "link": true
    },
    "node_modules/fastify": {
      "resolved": "../../node_modules/.pnpm/fastify@4.24.3/node_modules/fastify",
      "link": true
    },
    "node_modules/fastify-plugin": {
      "resolved": "../../node_modules/.pnpm/fastify-plugin@4.5.1/node_modules/fastify-plugin",
      "link": true
    },
    "node_modules/pino-pretty": {
      "resolved": "../../node_modules/.pnpm/pino-pretty@10.2.3/node_modules/pino-pretty",
      "link": true
    },
    "node_modules/platformatic": {
      "resolved": "../../node_modules/.pnpm/platformatic@0.19.7/node_modules/platformatic",
      "link": true
    },
    "node_modules/sqlstring": {
      "version": "2.3.3",
      "resolved": "https://registry.npmjs.org/sqlstring/-/sqlstring-2.3.3.tgz",
      "integrity": "sha512-qC9iz2FlN7DQl3+wjwn3802RTyjCx7sDvfQEXchwa6CWOx07/WVfh91gBmQ9fahw8snwGEWU3xGzOt4tFyHLxg==",
      "engines": {
        "node": ">= 0.6"
      }
    }
  }
}
